{
  "version": 4,
  "terraform_version": "1.14.5",
  "serial": 18,
  "lineage": "4d625dcc-3323-3713-b438-65f18a5fd7c4",
  "outputs": {
    "aks_cluster_name": {
      "value": "TitanCluster",
      "type": "string"
    },
    "resource_group": {
      "value": "TitanInsuranceRG",
      "type": "string"
    }
  },
  "resources": [
    {
      "mode": "managed",
      "type": "random_id",
      "name": "acr_suffix",
      "provider": "provider[\"registry.terraform.io/hashicorp/random\"]",
      "instances": [
        {
          "schema_version": 0,
          "attributes": {
            "b64_std": "yZB/yA==",
            "b64_url": "yZB_yA",
            "byte_length": 4,
            "dec": "3381690312",
            "hex": "c9907fc8",
            "id": "yZB_yA",
            "keepers": null,
            "prefix": null
          },
          "sensitive_attributes": [],
          "identity_schema_version": 0
        }
      ]
    }
  ],
  "check_results": null
}
